# Ubuntu 24.04 / CPython 3.12 x86_64. Update via a reviewed pip --report resolution.
ansible==10.7.0 --hash=sha256:0089f08e047ceb70edd011be009f5c6273add613fbe491e9697c0556c989d8ea
ansible-compat==26.6.0 --hash=sha256:739c4d10c791000c4b353f5e725e9ebafb6384dbeb00b94c7c8ac3ee2c172337
ansible-core==2.17.14 --hash=sha256:34a49582a57c2f2af17ede2cefd3b3602a2d55d22089f3928570d52030cafa35
attrs==26.1.0 --hash=sha256:c647aa4a12dfbad9333ca4e71fe62ddc36f4e63b2d260a37a8b83d2f043ac309
bracex==3.0.1 --hash=sha256:6523ad83aeb5098a4ee597cff0f964442ff74e460bd3fafaffab6a013ff2288c
certifi==2026.7.22 --hash=sha256:62f22742b58a1a33014a2b6b706588a8d7e2a88ae7bd1a6ebe8c992928483775
cffi==2.1.1 --hash=sha256:c1453022f490d2459a11819d83ad1d586e9ff65a12ac3e705ffebd46d3685dcf
charset-normalizer==3.5.1 --hash=sha256:b9af956078716df40d985fb0dfeb2c2120c5ca92ba4ff4b388acfd01cdc14d08
click==8.5.0 --hash=sha256:255bc9599cf7748b4b1a446ccc735421bd08a2ae529a8b88597d3de5664ee360
cryptography==50.0.1 --hash=sha256:51afcfceb15597cf2635068e4ac9a56b2abde622edde17f37d85fd7b5306497a
distro==1.9.0 --hash=sha256:7bffd925d65168f85027d8da9af6bddab658135b840670a223589bc0c8ef02b2
docker==7.2.0 --hash=sha256:a3f45fdeb9165e2d25d9a1d02ddf3bc70fb572cf5ebbf9b58558c22caf29b71f
enrich==1.2.7 --hash=sha256:f29b2c8c124b4dbd7c975ab5c3568f6c7a47938ea3b7d2106c8a3bd346545e4f
idna==3.20 --hash=sha256:ab7ae7122974553370f0bdb919e1a960b2cd1bc1ef0276416d896db81c14582c
Jinja2==3.1.6 --hash=sha256:85ece4451f492d0c13c5dd7c13a64681a86afae63a5f347908daf103ce6d2f67
jsonschema==4.26.0 --hash=sha256:d489f15263b8d200f8387e64b4c3a75f06629559fb73deb8fdfb525f2dab50ce
jsonschema-specifications==2025.9.1 --hash=sha256:98802fee3a11ee76ecaca44429fda8a41bff98b00a0f2838151b113f210cc6fe
markdown-it-py==4.2.0 --hash=sha256:9f7ebbcd14fe59494226453aed97c1070d83f8d24b6fc3a3bcf9a38092641c4a
MarkupSafe==3.0.3 --hash=sha256:d6dd0be5b5b189d31db7cda48b91d7e0a9795f31430b7f271219ab30f1d3ac9d
mdurl==0.1.2 --hash=sha256:84008a41e51615a49fc9966191ff91509e3c40b939176e643fd50a5c2196b8f8
molecule==26.6.0 --hash=sha256:e0d63011f1f044030a0c769178f4800271a2a8137f51124b18d673e576a88c52
molecule-plugins==26.7.15 --hash=sha256:191dfa7fd965c637e3b61d0929f2fb741f0df1181a250df62eca3657b1182794
packaging==26.3 --hash=sha256:d7193f7c8e4e93f444fde0262bf90af30e16fa0ad0ad44cb553c87339b23cd1c
passlib==1.7.4 --hash=sha256:aa6bca462b8d8bda89c70b382f0c298a20b5560af6cbfa2dce410c0a2fb669f1
pluggy==1.6.0 --hash=sha256:e920276dd6813095e9377c0bc5566d94c932c33b27a3e3945d8389c374dd4746
pycparser==3.0 --hash=sha256:b727414169a36b7d524c1c3e31839a521725078d7b2ff038656844266160a992
Pygments==2.21.0 --hash=sha256:2363c69b61c4a97c838da3b130dcd6468f4848992b21a82f2a63ec34377137d9
PyYAML==6.0.3 --hash=sha256:ba1cc08a7ccde2d2ec775841541641e4548226580ab850948cbfda66a1befcdc
referencing==0.37.0 --hash=sha256:381329a9f99628c9069361716891d34ad94af76e461dcb0335825aecc7692231
requests==2.34.2 --hash=sha256:2a0d60c172f83ac6ab31e4554906c0f3b3588d37b5cb939b1c061f4907e278e0
resolvelib==1.0.1 --hash=sha256:d2da45d1a8dfee81bdd591647783e340ef3bcb104b54c383f70d422ef5cc7dbf
rich==15.0.0 --hash=sha256:33bd4ef74232fb73fe9279a257718407f169c09b78a87ad3d296f548e27de0bb
rpds-py==2026.6.3 --hash=sha256:ecabd69db66de867690f9797f2f8fa27ba501bbc24540cbdbdc649cd15888ba6
selinux==0.3.0 --hash=sha256:ecf7add45c939e9dda682c390a2cd0a845c94a4793a2cce9e8870d4ee9501f99
subprocess-tee==0.4.2 --hash=sha256:21942e976715af4a19a526918adb03a8a27a8edab959f2d075b777e3d78f532d
typing_extensions==4.16.0 --hash=sha256:481caa481374e813c1b176ada14e97f1f67a4539ce9cfeb3f350d78d6370c2e8
urllib3==2.8.0 --hash=sha256:0cf3cae568d36aa9576b28dfb35f11328f1cb974ca7647d9475ebb86c75ac6e3
wcmatch==11.0.1 --hash=sha256:fd149ecddb9f0a88ea780017d6dde17c994e494e7f7303d4e3c9d6251f978f4b
